// !$*UTF8*$!
{
	archiveVersion = 1;
	classes = {
	};
	objectVersion = 77;
	objects = {

/* Begin PBXContainerItemProxy section */
		3C8AEF812CFF8EDF006E867A /* PBXContainerItemProxy */ = {
			isa = PBXContainerItemProxy;
			containerPortal = 3C8AEF632CFF8EDD006E867A /* Project object */;
			proxyType = 1;
			remoteGlobalIDString = 3C8AEF6A2CFF8EDD006E867A;
			remoteInfo = SportPipoApp;
		};
		3C8AEF8B2CFF8EDF006E867A /* PBXContainerItemProxy */ = {
			isa = PBXContainerItemProxy;
			containerPortal = 3C8AEF632CFF8EDD006E867A /* Project object */;
			proxyType = 1;
			remoteGlobalIDString = 3C8AEF6A2CFF8EDD006E867A;
			remoteInfo = SportPipoApp;
		};
/* End PBXContainerItemProxy section */

/* Begin PBXFileReference section */
		3C8AEF6B2CFF8EDD006E867A /* SportPipoApp.app */ = {isa = PBXFileReference; explicitFileType = wrapper.application; includeInIndex = 0; path = SportPipoApp.app; sourceTree = BUILT_PRODUCTS_DIR; };
		3C8AEF802CFF8EDF006E867A /* SportPipoAppTests.xctest */ = {isa = PBXFileReference; explicitFileType = wrapper.cfbundle; includeInIndex = 0; path = SportPipoAppTests.xctest; sourceTree = BUILT_PRODUCTS_DIR; };
		3C8AEF8A2CFF8EDF006E867A /* SportPipoAppUITests.xctest */ = {isa = PBXFileReference; explicitFileType = wrapper.cfbundle; includeInIndex = 0; path = SportPipoAppUITests.xctest; sourceTree = BUILT_PRODUCTS_DIR; };
/* End PBXFileReference section */

/* Begin PBXFileSystemSynchronizedBuildFileExceptionSet section */
		3C5684312D04CC7E00D134B0 /* Exceptions for "SportPipoApp" folder in "SportPipoApp" target */ = {
			isa = PBXFileSystemSynchronizedBuildFileExceptionSet;
			membershipExceptions = (
				SportPipoAppUITests/SportPipoAppUITests.swift,
				SportPipoAppUITests/SportPipoAppUITestsLaunchTests.swift,
			);
			target = 3C8AEF6A2CFF8EDD006E867A /* SportPipoApp */;
		};
		3C5684322D04CC7E00D134B0 /* Exceptions for "SportPipoApp" folder in "SportPipoAppUITests" target */ = {
			isa = PBXFileSystemSynchronizedBuildFileExceptionSet;
			membershipExceptions = (
				SportPipoAppUITests/SportPipoAppUITests.swift,
				SportPipoAppUITests/SportPipoAppUITestsLaunchTests.swift,
			);
			target = 3C8AEF892CFF8EDF006E867A /* SportPipoAppUITests */;
		};
/* End PBXFileSystemSynchronizedBuildFileExceptionSet section */

/* Begin PBXFileSystemSynchronizedRootGroup section */
		3C8AEF6D2CFF8EDD006E867A /* SportPipoApp */ = {
			isa = PBXFileSystemSynchronizedRootGroup;
			exceptions = (
				3C5684312D04CC7E00D134B0 /* Exceptions for "SportPipoApp" folder in "SportPipoApp" target */,
				3C5684322D04CC7E00D134B0 /* Exceptions for "SportPipoApp" folder in "SportPipoAppUITests" target */,
			);
			path = SportPipoApp;
			sourceTree = "<group>";
		};
		3C8AEF832CFF8EDF006E867A /* SportPipoAppTests */ = {
			isa = PBXFileSystemSynchronizedRootGroup;
			path = SportPipoAppTests;
			sourceTree = "<group>";
		};
/* End PBXFileSystemSynchronizedRootGroup section */

/* Begin PBXFrameworksBuildPhase section */
		3C8AEF682CFF8EDD006E867A /* Frameworks */ = {
			isa = PBXFrameworksBuildPhase;
			buildActionMask = 2147483647;
			files = (
			);
			runOnlyForDeploymentPostprocessing = 0;
		};
		3C8AEF7D2CFF8EDF006E867A /* Frameworks */ = {
			isa = PBXFrameworksBuildPhase;
			buildActionMask = 2147483647;
			files = (
			);
			runOnlyForDeploymentPostprocessing = 0;
		};
		3C8AEF872CFF8EDF006E867A /* Frameworks */ = {
			isa = PBXFrameworksBuildPhase;
			buildActionMask = 2147483647;
			files = (
			);
			runOnlyForDeploymentPostprocessing = 0;
		};
/* End PBXFrameworksBuildPhase section */

/* Begin PBXGroup section */
		3C8AEF622CFF8EDD006E867A = {
			isa = PBXGroup;
			children = (
				3C8AEF6D2CFF8EDD006E867A /* SportPipoApp */,
				3C8AEF832CFF8EDF006E867A /* SportPipoAppTests */,
				3C8AEF6C2CFF8EDD006E867A /* Products */,
			);
			sourceTree = "<group>";
		};
		3C8AEF6C2CFF8EDD006E867A /* Products */ = {
			isa = PBXGroup;
			children = (
				3C8AEF6B2CFF8EDD006E867A /* SportPipoApp.app */,
				3C8AEF802CFF8EDF006E867A /* SportPipoAppTests.xctest */,
				3C8AEF8A2CFF8EDF006E867A /* SportPipoAppUITests.xctest */,
			);
			name = Products;
			sourceTree = "<group>";
		};
/* End PBXGroup section */

/* Begin PBXNativeTarget section */
		3C8AEF6A2CFF8EDD006E867A /* SportPipoApp */ = {
			isa = PBXNativeTarget;
			buildConfigurationList = 3C8AEF942CFF8EDF006E867A /* Build configuration list for PBXNativeTarget "SportPipoApp" */;
			buildPhases = (
				3C8AEF672CFF8EDD006E867A /* Sources */,
				3C8AEF682CFF8EDD006E867A /* Frameworks */,
				3C8AEF692CFF8EDD006E867A /* Resources */,
			);
			buildRules = (
			);
			dependencies = (
			);
			fileSystemSynchronizedGroups = (
				3C8AEF6D2CFF8EDD006E867A /* SportPipoApp */,
			);
			name = SportPipoApp;
			packageProductDependencies = (
			);
			productName = SportPipoApp;
			productReference = 3C8AEF6B2CFF8EDD006E867A /* SportPipoApp.app */;
			productType = "com.apple.product-type.application";
		};
		3C8AEF7F2CFF8EDF006E867A /* SportPipoAppTests */ = {
			isa = PBXNativeTarget;
			buildConfigurationList = 3C8AEF972CFF8EDF006E867A /* Build configuration list for PBXNativeTarget "SportPipoAppTests" */;
			buildPhases = (
				3C8AEF7C2CFF8EDF006E867A /* Sources */,
				3C8AEF7D2CFF8EDF006E867A /* Frameworks */,
				3C8AEF7E2CFF8EDF006E867A /* Resources */,
			);
			buildRules = (
			);
			dependencies = (
				3C8AEF822CFF8EDF006E867A /* PBXTargetDependency */,
			);
			fileSystemSynchronizedGroups = (
				3C8AEF832CFF8EDF006E867A /* SportPipoAppTests */,
			);
			name = SportPipoAppTests;
			packageProductDependencies = (
			);
			productName = SportPipoAppTests;
			productReference = 3C8AEF802CFF8EDF006E867A /* SportPipoAppTests.xctest */;
			productType = "com.apple.product-type.bundle.unit-test";
		};
		3C8AEF892CFF8EDF006E867A /* SportPipoAppUITests */ = {
			isa = PBXNativeTarget;
			buildConfigurationList = 3C8AEF9A2CFF8EDF006E867A /* Build configuration list for PBXNativeTarget "SportPipoAppUITests" */;
			buildPhases = (
				3C8AEF862CFF8EDF006E867A /* Sources */,
				3C8AEF872CFF8EDF006E867A /* Frameworks */,
				3C8AEF882CFF8EDF006E867A /* Resources */,
			);
			buildRules = (
			);
			dependencies = (
				3C8AEF8C2CFF8EDF006E867A /* PBXTargetDependency */,
			);
			name = SportPipoAppUITests;
			packageProductDependencies = (
			);
			productName = SportPipoAppUITests;
			productReference = 3C8AEF8A2CFF8EDF006E867A /* SportPipoAppUITests.xctest */;
			productType = "com.apple.product-type.bundle.ui-testing";
		};
/* End PBXNativeTarget section */

/* Begin PBXProject section */
		3C8AEF632CFF8EDD006E867A /* Project object */ = {
			isa = PBXProject;
			attributes = {
				BuildIndependentTargetsInParallel = 1;
				LastSwiftUpdateCheck = 1610;
				LastUpgradeCheck = 1610;
				TargetAttributes = {
					3C8AEF6A2CFF8EDD006E867A = {
						CreatedOnToolsVersion = 16.1;
					};
					3C8AEF7F2CFF8EDF006E867A = {
						CreatedOnToolsVersion = 16.1;
						TestTargetID = 3C8AEF6A2CFF8EDD006E867A;
					};
					3C8AEF892CFF8EDF006E867A = {
						CreatedOnToolsVersion = 16.1;
						TestTargetID = 3C8AEF6A2CFF8EDD006E867A;
					};
				};
			};
			buildConfigurationList = 3C8AEF662CFF8EDD006E867A /* Build configuration list for PBXProject "SportPipoApp" */;
			developmentRegion = en;
			hasScannedForEncodings = 0;
			knownRegions = (
				en,
				Base,
			);
			mainGroup = 3C8AEF622CFF8EDD006E867A;
			minimizedProjectReferenceProxies = 1;
			preferredProjectObjectVersion = 77;
			productRefGroup = 3C8AEF6C2CFF8EDD006E867A /* Products */;
			projectDirPath = "";
			projectRoot = "";
			targets = (
				3C8AEF6A2CFF8EDD006E867A /* SportPipoApp */,
				3C8AEF7F2CFF8EDF006E867A /* SportPipoAppTests */,
				3C8AEF892CFF8EDF006E867A /* SportPipoAppUITests */,
			);
		};
/* End PBXProject section */

/* Begin PBXResourcesBuildPhase section */
		3C8AEF692CFF8EDD006E867A /* Resources */ = {
			isa = PBXResourcesBuildPhase;
			buildActionMask = 2147483647;
			files = (
			);
			runOnlyForDeploymentPostprocessing = 0;
		};
		3C8AEF7E2CFF8EDF006E867A /* Resources */ = {
			isa = PBXResourcesBuildPhase;
			buildActionMask = 2147483647;
			files = (
			);
			runOnlyForDeploymentPostprocessing = 0;
		};
		3C8AEF882CFF8EDF006E867A /* Resources */ = {
			isa = PBXResourcesBuildPhase;
			buildActionMask = 2147483647;
			files = (
			);
			runOnlyForDeploymentPostprocessing = 0;
		};
/* End PBXResourcesBuildPhase section */

/* Begin PBXSourcesBuildPhase section */
		3C8AEF672CFF8EDD006E867A /* Sources */ = {
			isa = PBXSourcesBuildPhase;
			buildActionMask = 2147483647;
			files = (
			);
			runOnlyForDeploymentPostprocessing = 0;
		};
		3C8AEF7C2CFF8EDF006E867A /* Sources */ = {
			isa = PBXSourcesBuildPhase;
			buildActionMask = 2147483647;
			files = (
			);
			runOnlyForDeploymentPostprocessing = 0;
		};
		3C8AEF862CFF8EDF006E867A /* Sources */ = {
			isa = PBXSourcesBuildPhase;
			buildActionMask = 2147483647;
			files = (
			);
			runOnlyForDeploymentPostprocessing = 0;
		};
/* End PBXSourcesBuildPhase section */

/* Begin PBXTargetDependency section */
		3C8AEF822CFF8EDF006E867A /* PBXTargetDependency */ = {
			isa = PBXTargetDependency;
			target = 3C8AEF6A2CFF8EDD006E867A /* SportPipoApp */;
			targetProxy = 3C8AEF812CFF8EDF006E867A /* PBXContainerItemProxy */;
		};
		3C8AEF8C2CFF8EDF006E867A /* PBXTargetDependency */ = {
			isa = PBXTargetDependency;
			target = 3C8AEF6A2CFF8EDD006E867A /* SportPipoApp */;
			targetProxy = 3C8AEF8B2CFF8EDF006E867A /* PBXContainerItemProxy */;
		};
/* End PBXTargetDependency section */

/* Begin XCBuildConfiguration section */
		3C8AEF922CFF8EDF006E867A /* Debug */ = {
			isa = XCBuildConfiguration;
			buildSettings = {
				ALWAYS_SEARCH_USER_PATHS = NO;
				ASSETCATALOG_COMPILER_GENERATE_SWIFT_ASSET_SYMBOL_EXTENSIONS = YES;
				CLANG_ANALYZER_NONNULL = YES;
				CLANG_ANALYZER_NUMBER_OBJECT_CONVERSION = YES_AGGRESSIVE;
				CLANG_CXX_LANGUAGE_STANDARD = "gnu++20";
				CLANG_ENABLE_MODULES = YES;
				CLANG_ENABLE_OBJC_ARC = YES;
				CLANG_ENABLE_OBJC_WEAK = YES;
				CLANG_WARN_BLOCK_CAPTURE_AUTORELEASING = YES;
				CLANG_WARN_BOOL_CONVERSION = YES;
				CLANG_WARN_COMMA = YES;
				CLANG_WARN_CONSTANT_CONVERSION = YES;
				CLANG_WARN_DEPRECATED_OBJC_IMPLEMENTATIONS = YES;
				CLANG_WARN_DIRECT_OBJC_ISA_USAGE = YES_ERROR;
				CLANG_WARN_DOCUMENTATION_COMMENTS = YES;
				CLANG_WARN_EMPTY_BODY = YES;
				CLANG_WARN_ENUM_CONVERSION = YES;
				CLANG_WARN_INFINITE_RECURSION = YES;
				CLANG_WARN_INT_CONVERSION = YES;
				CLANG_WARN_NON_LITERAL_NULL_CONVERSION = YES;
				CLANG_WARN_OBJC_IMPLICIT_RETAIN_SELF = YES;
				CLANG_WARN_OBJC_LITERAL_CONVERSION = YES;
				CLANG_WARN_OBJC_ROOT_CLASS = YES_ERROR;
				CLANG_WARN_QUOTED_INCLUDE_IN_FRAMEWORK_HEADER = YES;
				CLANG_WARN_RANGE_LOOP_ANALYSIS = YES;
				CLANG_WARN_STRICT_PROTOTYPES = YES;
				CLANG_WARN_SUSPICIOUS_MOVE = YES;
				CLANG_WARN_UNGUARDED_AVAILABILITY = YES_AGGRESSIVE;
				CLANG_WARN_UNREACHABLE_CODE = YES;
				CLANG_WARN__DUPLICATE_METHOD_MATCH = YES;
				COPY_PHASE_STRIP = NO;
				DEBUG_INFORMATION_FORMAT = dwarf;
				ENABLE_STRICT_OBJC_MSGSEND = YES;
				ENABLE_TESTABILITY = YES;
				ENABLE_USER_SCRIPT_SANDBOXING = YES;
				GCC_C_LANGUAGE_STANDARD = gnu17;
				GCC_DYNAMIC_NO_PIC = NO;
				GCC_NO_COMMON_BLOCKS = YES;
				GCC_OPTIMIZATION_LEVEL = 0;
				GCC_PREPROCESSOR_DEFINITIONS = (
					"DEBUG=1",
					"$(inherited)",
				);
				GCC_WARN_64_TO_32_BIT_CONVERSION = YES;
				GCC_WARN_ABOUT_RETURN_TYPE = YES_ERROR;
				GCC_WARN_UNDECLARED_SELECTOR = YES;
				GCC_WARN_UNINITIALIZED_AUTOS = YES_AGGRESSIVE;
				GCC_WARN_UNUSED_FUNCTION = YES;
				GCC_WARN_UNUSED_VARIABLE = YES;
				IPHONEOS_DEPLOYMENT_TARGET = 18.1;
				LOCALIZATION_PREFERS_STRING_CATALOGS = YES;
				MTL_ENABLE_DEBUG_INFO = INCLUDE_SOURCE;
				MTL_FAST_MATH = YES;
				ONLY_ACTIVE_ARCH = YES;
				SDKROOT = iphoneos;
				SWIFT_ACTIVE_COMPILATION_CONDITIONS = "DEBUG $(inherited)";
				SWIFT_OPTIMIZATION_LEVEL = "-Onone";
			};
			name = Debug;
		};
		3C8AEF932CFF8EDF006E867A /* Release */ = {
			isa = XCBuildConfiguration;
			buildSettings = {
				ALWAYS_SEARCH_USER_PATHS = NO;
				ASSETCATALOG_COMPILER_GENERATE_SWIFT_ASSET_SYMBOL_EXTENSIONS = YES;
				CLANG_ANALYZER_NONNULL = YES;
				CLANG_ANALYZER_NUMBER_OBJECT_CONVERSION = YES_AGGRESSIVE;
				CLANG_CXX_LANGUAGE_STANDARD = "gnu++20";
				CLANG_ENABLE_MODULES = YES;
				CLANG_ENABLE_OBJC_ARC = YES;
				CLANG_ENABLE_OBJC_WEAK = YES;
				CLANG_WARN_BLOCK_CAPTURE_AUTORELEASING = YES;
				CLANG_WARN_BOOL_CONVERSION = YES;
				CLANG_WARN_COMMA = YES;
				CLANG_WARN_CONSTANT_CONVERSION = YES;
				CLANG_WARN_DEPRECATED_OBJC_IMPLEMENTATIONS = YES;
				CLANG_WARN_DIRECT_OBJC_ISA_USAGE = YES_ERROR;
				CLANG_WARN_DOCUMENTATION_COMMENTS = YES;
				CLANG_WARN_EMPTY_BODY = YES;
				CLANG_WARN_ENUM_CONVERSION = YES;
				CLANG_WARN_INFINITE_RECURSION = YES;
				CLANG_WARN_INT_CONVERSION = YES;
				CLANG_WARN_NON_LITERAL_NULL_CONVERSION = YES;
				CLANG_WARN_OBJC_IMPLICIT_RETAIN_SELF = YES;
				CLANG_WARN_OBJC_LITERAL_CONVERSION = YES;
				CLANG_WARN_OBJC_ROOT_CLASS = YES_ERROR;
				CLANG_WARN_QUOTED_INCLUDE_IN_FRAMEWORK_HEADER = YES;
				CLANG_WARN_RANGE_LOOP_ANALYSIS = YES;
				CLANG_WARN_STRICT_PROTOTYPES = YES;
				CLANG_WARN_SUSPICIOUS_MOVE = YES;
				CLANG_WARN_UNGUARDED_AVAILABILITY = YES_AGGRESSIVE;
				CLANG_WARN_UNREACHABLE_CODE = YES;
				CLANG_WARN__DUPLICATE_METHOD_MATCH = YES;
				COPY_PHASE_STRIP = NO;
				DEBUG_INFORMATION_FORMAT = "dwarf-with-dsym";
				ENABLE_NS_ASSERTIONS = NO;
				ENABLE_STRICT_OBJC_MSGSEND = YES;
				ENABLE_USER_SCRIPT_SANDBOXING = YES;
				GCC_C_LANGUAGE_STANDARD = gnu17;
				GCC_NO_COMMON_BLOCKS = YES;
				GCC_WARN_64_TO_32_BIT_CONVERSION = YES;
				GCC_WARN_ABOUT_RETURN_TYPE = YES_ERROR;
				GCC_WARN_UNDECLARED_SELECTOR = YES;
				GCC_WARN_UNINITIALIZED_AUTOS = YES_AGGRESSIVE;
				GCC_WARN_UNUSED_FUNCTION = YES;
				GCC_WARN_UNUSED_VARIABLE = YES;
				IPHONEOS_DEPLOYMENT_TARGET = 18.1;
				LOCALIZATION_PREFERS_STRING_CATALOGS = YES;
				MTL_ENABLE_DEBUG_INFO = NO;
				MTL_FAST_MATH = YES;
				SDKROOT = iphoneos;
				SWIFT_COMPILATION_MODE = wholemodule;
				VALIDATE_PRODUCT = YES;
			};
			name = Release;
		};
		3C8AEF952CFF8EDF006E867A /* Debug */ = {
			isa = XCBuildConfiguration;
			buildSettings = {
				ASSETCATALOG_COMPILER_APPICON_NAME = AppIcon;
				ASSETCATALOG_COMPILER_GLOBAL_ACCENT_COLOR_NAME = AccentColor;
				CODE_SIGN_STYLE = Automatic;
				CURRENT_PROJECT_VERSION = 1;
				DEVELOPMENT_ASSET_PATHS = "\"SportPipoApp/Preview Content\"";
				ENABLE_PREVIEWS = YES;
				GENERATE_INFOPLIST_FILE = YES;
				INFOPLIST_KEY_UIApplicationSceneManifest_Generation = YES;
				INFOPLIST_KEY_UIApplicationSupportsIndirectInputEvents = YES;
				INFOPLIST_KEY_UILaunchScreen_Generation = YES;
				INFOPLIST_KEY_UISupportedInterfaceOrientations_iPad = "UIInterfaceOrientationPortrait UIInterfaceOrientationPortraitUpsideDown UIInterfaceOrientationLandscapeLeft UIInterfaceOrientationLandscapeRight";
				INFOPLIST_KEY_UISupportedInterfaceOrientations_iPhone = "UIInterfaceOrientationPortrait UIInterfaceOrientationLandscapeLeft UIInterfaceOrientationLandscapeRight";
				LD_RUNPATH_SEARCH_PATHS = (
					"$(inherited)",
					"@executable_path/Frameworks",
				);
				MARKETING_VERSION = 1.0;
				PRODUCT_BUNDLE_IDENTIFIER = com.ManuelCazalla.SportPipoApp;
				PRODUCT_NAME = "$(TARGET_NAME)";
				SWIFT_EMIT_LOC_STRINGS = YES;
				SWIFT_VERSION = 5.0;
				TARGETED_DEVICE_FAMILY = "1,2";
			};
			name = Debug;
		};
		3C8AEF962CFF8EDF006E867A /* Release */ = {
			isa = XCBuildConfiguration;
			buildSettings = {
				ASSETCATALOG_COMPILER_APPICON_NAME = AppIcon;
				ASSETCATALOG_COMPILER_GLOBAL_ACCENT_COLOR_NAME = AccentColor;
				CODE_SIGN_STYLE = Automatic;
				CURRENT_PROJECT_VERSION = 1;
				DEVELOPMENT_ASSET_PATHS = "\"SportPipoApp/Preview Content\"";
				ENABLE_PREVIEWS = YES;
				GENERATE_INFOPLIST_FILE = YES;
				INFOPLIST_KEY_UIApplicationSceneManifest_Generation = YES;
				INFOPLIST_KEY_UIApplicationSupportsIndirectInputEvents = YES;
				INFOPLIST_KEY_UILaunchScreen_Generation = YES;
				INFOPLIST_KEY_UISupportedInterfaceOrientations_iPad = "UIInterfaceOrientationPortrait UIInterfaceOrientationPortraitUpsideDown UIInterfaceOrientationLandscapeLeft UIInterfaceOrientationLandscapeRight";
				INFOPLIST_KEY_UISupportedInterfaceOrientations_iPhone = "UIInterfaceOrientationPortrait UIInterfaceOrientationLandscapeLeft UIInterfaceOrientationLandscapeRight";
				LD_RUNPATH_SEARCH_PATHS = (
					"$(inherited)",
					"@executable_path/Frameworks",
				);
				MARKETING_VERSION = 1.0;
				PRODUCT_BUNDLE_IDENTIFIER = com.ManuelCazalla.SportPipoApp;
				PRODUCT_NAME = "$(TARGET_NAME)";
				SWIFT_EMIT_LOC_STRINGS = YES;
				SWIFT_VERSION = 5.0;
				TARGETED_DEVICE_FAMILY = "1,2";
			};
			name = Release;
		};
		3C8AEF982CFF8EDF006E867A /* Debug */ = {
			isa = XCBuildConfiguration;
			buildSettings = {
				BUNDLE_LOADER = "$(TEST_HOST)";
				CODE_SIGN_STYLE = Automatic;
				CURRENT_PROJECT_VERSION = 1;
				GENERATE_INFOPLIST_FILE = YES;
				IPHONEOS_DEPLOYMENT_TARGET = 18.1;
				MARKETING_VERSION = 1.0;
				PRODUCT_BUNDLE_IDENTIFIER = com.ManuelCazalla.SportPipoAppTests;
				PRODUCT_NAME = "$(TARGET_NAME)";
				SWIFT_EMIT_LOC_STRINGS = NO;
				SWIFT_VERSION = 5.0;
				TARGETED_DEVICE_FAMILY = "1,2";
				TEST_HOST = "$(BUILT_PRODUCTS_DIR)/SportPipoApp.app/$(BUNDLE_EXECUTABLE_FOLDER_PATH)/SportPipoApp";
			};
			name = Debug;
		};
		3C8AEF992CFF8EDF006E867A /* Release */ = {
			isa = XCBuildConfiguration;
			buildSettings = {
				BUNDLE_LOADER = "$(TEST_HOST)";
				CODE_SIGN_STYLE = Automatic;
				CURRENT_PROJECT_VERSION = 1;
				GENERATE_INFOPLIST_FILE = YES;
				IPHONEOS_DEPLOYMENT_TARGET = 18.1;
				MARKETING_VERSION = 1.0;
				PRODUCT_BUNDLE_IDENTIFIER = com.ManuelCazalla.SportPipoAppTests;
				PRODUCT_NAME = "$(TARGET_NAME)";
				SWIFT_EMIT_LOC_STRINGS = NO;
				SWIFT_VERSION = 5.0;
				TARGETED_DEVICE_FAMILY = "1,2";
				TEST_HOST = "$(BUILT_PRODUCTS_DIR)/SportPipoApp.app/$(BUNDLE_EXECUTABLE_FOLDER_PATH)/SportPipoApp";
			};
			name = Release;
		};
		3C8AEF9B2CFF8EDF006E867A /* Debug */ = {
			isa = XCBuildConfiguration;
			buildSettings = {
				CODE_SIGN_STYLE = Automatic;
				CURRENT_PROJECT_VERSION = 1;
				GENERATE_INFOPLIST_FILE = YES;
				MARKETING_VERSION = 1.0;
				PRODUCT_BUNDLE_IDENTIFIER = com.ManuelCazalla.SportPipoAppUITests;
				PRODUCT_NAME = "$(TARGET_NAME)";
				SWIFT_EMIT_LOC_STRINGS = NO;
				SWIFT_VERSION = 5.0;
				TARGETED_DEVICE_FAMILY = "1,2";
				TEST_TARGET_NAME = SportPipoApp;
			};
			name = Debug;
		};
		3C8AEF9C2CFF8EDF006E867A /* Release */ = {
			isa = XCBuildConfiguration;
			buildSettings = {
				CODE_SIGN_STYLE = Automatic;
				CURRENT_PROJECT_VERSION = 1;
				GENERATE_INFOPLIST_FILE = YES;
				MARKETING_VERSION = 1.0;
				PRODUCT_BUNDLE_IDENTIFIER = com.ManuelCazalla.SportPipoAppUITests;
				PRODUCT_NAME = "$(TARGET_NAME)";
				SWIFT_EMIT_LOC_STRINGS = NO;
				SWIFT_VERSION = 5.0;
				TARGETED_DEVICE_FAMILY = "1,2";
				TEST_TARGET_NAME = SportPipoApp;
			};
			name = Release;
		};
/* End XCBuildConfiguration section */

/* Begin XCConfigurationList section */
		3C8AEF662CFF8EDD006E867A /* Build configuration list for PBXProject "SportPipoApp" */ = {
			isa = XCConfigurationList;
			buildConfigurations = (
				3C8AEF922CFF8EDF006E867A /* Debug */,
				3C8AEF932CFF8EDF006E867A /* Release */,
			);
			defaultConfigurationIsVisible = 0;
			defaultConfigurationName = Release;
		};
		3C8AEF942CFF8EDF006E867A /* Build configuration list for PBXNativeTarget "SportPipoApp" */ = {
			isa = XCConfigurationList;
			buildConfigurations = (
				3C8AEF952CFF8EDF006E867A /* Debug */,
				3C8AEF962CFF8EDF006E867A /* Release */,
			);
			defaultConfigurationIsVisible = 0;
			defaultConfigurationName = Release;
		};
		3C8AEF972CFF8EDF006E867A /* Build configuration list for PBXNativeTarget "SportPipoAppTests" */ = {
			isa = XCConfigurationList;
			buildConfigurations = (
				3C8AEF982CFF8EDF006E867A /* Debug */,
				3C8AEF992CFF8EDF006E867A /* Release */,
			);
			defaultConfigurationIsVisible = 0;
			defaultConfigurationName = Release;
		};
		3C8AEF9A2CFF8EDF006E867A /* Build configuration list for PBXNativeTarget "SportPipoAppUITests" */ = {
			isa = XCConfigurationList;
			buildConfigurations = (
				3C8AEF9B2CFF8EDF006E867A /* Debug */,
				3C8AEF9C2CFF8EDF006E867A /* Release */,
			);
			defaultConfigurationIsVisible = 0;
			defaultConfigurationName = Release;
		};
/* End XCConfigurationList section */
	};
	rootObject = 3C8AEF632CFF8EDD006E867A /* Project object */;
}
